dependencies:
- name: postgresql
  repository: https://charts.bitnami.com/bitnami
  version: 16.5.6
- name: redis
  repository: https://charts.bitnami.com/bitnami
  version: 20.5.0
- name: vllm
  repository: ""
  version: 0.1.0
digest: sha256:21a92bdcc10a49350e5ea371f151c695bf72396b1a3f9fd69358fd266eb91d7f
generated: "2025-11-18T21:17:53.714967+01:00"
