dependencies:
- name: postgresql
  repository: https://charts.bitnami.com/bitnami
  version: 18.1.11
- name: redis
  repository: https://charts.bitnami.com/bitnami
  version: 23.2.12
- name: vllm-stack
  repository: https://vllm-project.github.io/production-stack
  version: 0.1.8
- name: eck-operator-crds
  repository: https://helm.elastic.co
  version: 3.2.0
- name: eck-operator
  repository: https://helm.elastic.co
  version: 3.2.0
digest: sha256:8052457b717e5f31d85d74aab8d791f50084e75783b5775e6dfc61104241299b
generated: "2025-12-19T12:37:11.511818+01:00"
