dependencies:
- name: postgresql
  repository: https://charts.bitnami.com/bitnami
  version: 18.1.11
- name: redis
  repository: https://charts.bitnami.com/bitnami
  version: 23.2.12
- name: vllm-stack
  repository: https://vllm-project.github.io/production-stack
  version: 0.1.8
- name: elasticsearch
  repository: https://helm.elastic.co
  version: 7.17.3
digest: sha256:9713de617a288fb00876a9649b9f15c0a6379c43ae3565c85b0075af0ed0d20f
generated: "2025-11-21T14:51:43.005651+01:00"
